<Solution>
  <Project Path="AutodartsApiSimulator/autodarts-api-simulator.csproj" />
  <Project Path="AutodartsLocalTraining/autodarts-local-training.csproj" />
  <Project Path="AutodartsLocalTraining.Core/AutodartsLocalTraining.Core.csproj" />
  <Project Path="AutodartsLocalTraining.Modes/AutodartsLocalTraining.Modes.csproj" />
  <Project Path="AutodartsLocalTraining.Modes.Tests/AutodartsLocalTraining.Modes.Tests.csproj" />
</Solution>
